
Microsoft Visual Studio Solution File, Format Version 12.00
# Visual Studio Version 17
VisualStudioVersion = 17.13.35931.197 d17.13
MinimumVisualStudioVersion = 10.0.40219.1
Project("{FAE04EC0-301F-11D3-BF4B-00C04F79EFBC}") = "Group40Bot", "Group40Bot\Group40Bot.csproj", "{0B21092E-623B-4835-BEDF-358F86342EF2}"
EndProject
Global
	GlobalSection(SolutionConfigurationPlatforms) = preSolution
		Debug|Any CPU = Debug|Any CPU
		Release|Any CPU = Release|Any CPU
	EndGlobalSection
	GlobalSection(ProjectConfigurationPlatforms) = postSolution
		{0B21092E-623B-4835-BEDF-358F86342EF2}.Debug|Any CPU.ActiveCfg = Debug|Any CPU
		{0B21092E-623B-4835-BEDF-358F86342EF2}.Debug|Any CPU.Build.0 = Debug|Any CPU
		{0B21092E-623B-4835-BEDF-358F86342EF2}.Release|Any CPU.ActiveCfg = Release|Any CPU
		{0B21092E-623B-4835-BEDF-358F86342EF2}.Release|Any CPU.Build.0 = Release|Any CPU
	EndGlobalSection
	GlobalSection(SolutionProperties) = preSolution
		HideSolutionNode = FALSE
	EndGlobalSection
	GlobalSection(ExtensibilityGlobals) = postSolution
		SolutionGuid = {D1D6D145-149D-4158-B28B-31E5C942B69F}
	EndGlobalSection
EndGlobal
